
Microsoft Visual Studio Solution File, Format Version 12.00
# Visual Studio Version 16
VisualStudioVersion = 16.0.31624.102
MinimumVisualStudioVersion = 10.0.40219.1
Project("{FAE04EC0-301F-11D3-BF4B-00C04F79EFBC}") = "Spammer", "Spammer\Spammer.csproj", "{E045740F-79C8-4E82-A25E-C3A267285812}"
EndProject
Global
	GlobalSection(SolutionConfigurationPlatforms) = preSolution
		Debug|Any CPU = Debug|Any CPU
		Release|Any CPU = Release|Any CPU
	EndGlobalSection
	GlobalSection(ProjectConfigurationPlatforms) = postSolution
		{E045740F-79C8-4E82-A25E-C3A267285812}.Debug|Any CPU.ActiveCfg = Debug|Any CPU
		{E045740F-79C8-4E82-A25E-C3A267285812}.Debug|Any CPU.Build.0 = Debug|Any CPU
		{E045740F-79C8-4E82-A25E-C3A267285812}.Release|Any CPU.ActiveCfg = Release|Any CPU
		{E045740F-79C8-4E82-A25E-C3A267285812}.Release|Any CPU.Build.0 = Release|Any CPU
	EndGlobalSection
	GlobalSection(SolutionProperties) = preSolution
		HideSolutionNode = FALSE
	EndGlobalSection
	GlobalSection(ExtensibilityGlobals) = postSolution
		SolutionGuid = {60C52684-7A03-4B2F-B88C-89989D5FC6E6}
	EndGlobalSection
EndGlobal
